
Microsoft Visual Studio Solution File, Format Version 12.00
# Visual Studio Version 16
VisualStudioVersion = 16.0.29306.81
MinimumVisualStudioVersion = 10.0.40219.1
Project("{FAE04EC0-301F-11D3-BF4B-00C04F79EFBC}") = "gstreamer_shuffleboard_installer", "gstreamer_shuffleboard_installer.csproj", "{069E8115-7535-4E24-889D-6BCB0123D180}"
EndProject
Global
	GlobalSection(SolutionConfigurationPlatforms) = preSolution
		Debug|Any CPU = Debug|Any CPU
		Release|Any CPU = Release|Any CPU
	EndGlobalSection
	GlobalSection(ProjectConfigurationPlatforms) = postSolution
		{069E8115-7535-4E24-889D-6BCB0123D180}.Debug|Any CPU.ActiveCfg = Debug|Any CPU
		{069E8115-7535-4E24-889D-6BCB0123D180}.Debug|Any CPU.Build.0 = Debug|Any CPU
		{069E8115-7535-4E24-889D-6BCB0123D180}.Release|Any CPU.ActiveCfg = Release|Any CPU
		{069E8115-7535-4E24-889D-6BCB0123D180}.Release|Any CPU.Build.0 = Release|Any CPU
	EndGlobalSection
	GlobalSection(SolutionProperties) = preSolution
		HideSolutionNode = FALSE
	EndGlobalSection
	GlobalSection(ExtensibilityGlobals) = postSolution
		SolutionGuid = {F29211E2-0674-40B1-99F2-1B7C2CADC6F3}
	EndGlobalSection
EndGlobal
